
Microsoft Visual Studio Solution File, Format Version 12.00
# Visual Studio 2012
Project("{8BC9CEB8-8B4A-11D0-8D11-00A0C91BC942}") = "Timer_Initial_calculation", "Timer_Initial_calculation\Timer_Initial_calculation.vcxproj", "{23A6D383-9928-4AB8-AF2E-6BB2F9E1BFC8}"
EndProject
Global
	GlobalSection(SolutionConfigurationPlatforms) = preSolution
		Debug|Win32 = Debug|Win32
		Release|Win32 = Release|Win32
	EndGlobalSection
	GlobalSection(ProjectConfigurationPlatforms) = postSolution
		{23A6D383-9928-4AB8-AF2E-6BB2F9E1BFC8}.Debug|Win32.ActiveCfg = Debug|Win32
		{23A6D383-9928-4AB8-AF2E-6BB2F9E1BFC8}.Debug|Win32.Build.0 = Debug|Win32
		{23A6D383-9928-4AB8-AF2E-6BB2F9E1BFC8}.Release|Win32.ActiveCfg = Release|Win32
		{23A6D383-9928-4AB8-AF2E-6BB2F9E1BFC8}.Release|Win32.Build.0 = Release|Win32
	EndGlobalSection
	GlobalSection(SolutionProperties) = preSolution
		HideSolutionNode = FALSE
	EndGlobalSection
EndGlobal
